DEPENDENCIES
  application (= 5.1.0)
  application_javascript (= 1.0.0)
  apt (= 6.1.0)
  ark (= 3.1.0)
  build-essential (= 8.0.2)
  compat_resource (= 12.19.0)
  database (= 6.1.1)
  java (= 4.3.0)
  nginx (= 8.1.6)
  php (= 6.1.1)
  rsyslog (= 6.0.4)

GRAPH
  application (5.1.0)
    poise (~> 2.4)
    poise-service (~> 1.0)
  application_javascript (1.0.0)
    application (~> 5.0)
    poise (~> 2.0)
    poise-javascript (~> 1.0)
    poise-service (~> 1.0)
  apt (6.1.0)
  ark (3.1.0)
    build-essential (>= 0.0.0)
    seven_zip (>= 0.0.0)
    windows (>= 0.0.0)
  build-essential (8.0.2)
    mingw (>= 1.1)
    seven_zip (>= 0.0.0)
  compat_resource (12.19.0)
  database (6.1.1)
    postgresql (>= 1.0.0)
  homebrew (5.0.8)
  java (4.3.0)
    homebrew (>= 0.0.0)
    windows (>= 0.0.0)
  mingw (2.1.0)
    seven_zip (>= 0.0.0)
  nginx (8.1.6)
    build-essential (>= 5.0)
    ohai (>= 4.1.0)
    yum-epel (>= 0.0.0)
    zypper (>= 0.0.0)
  ohai (5.3.0)
  php (6.1.1)
    build-essential (>= 5.0)
    yum-epel (>= 0.0.0)
  poise (2.8.2)
  poise-archive (1.5.0)
    poise (~> 2.6)
  poise-javascript (1.2.0)
    poise (~> 2.0)
    poise-languages (~> 2.0)
  poise-languages (2.1.2)
    poise (~> 2.5)
    poise-archive (~> 1.0)
  poise-service (1.5.2)
    poise (~> 2.0)
  postgresql (7.1.4)
  rsyslog (6.0.4)
  seven_zip (3.1.2)
    windows (>= 0.0.0)
  windows (6.0.1)
  yum-epel (3.3.0)
  zypper (0.4.0)
